
Microsoft Visual Studio Solution File, Format Version 12.00
# Visual Studio 2012
Project("{FAE04EC0-301F-11D3-BF4B-00C04F79EFBC}") = "MessageWalls", "MessageWalls\MessageWalls.csproj", "{49F436D8-FDA9-4914-9FE4-D0514E7B6D0C}"
EndProject
Global
	GlobalSection(SolutionConfigurationPlatforms) = preSolution
		Debug|Any CPU = Debug|Any CPU
		Release|Any CPU = Release|Any CPU
	EndGlobalSection
	GlobalSection(ProjectConfigurationPlatforms) = postSolution
		{49F436D8-FDA9-4914-9FE4-D0514E7B6D0C}.Debug|Any CPU.ActiveCfg = Debug|Any CPU
		{49F436D8-FDA9-4914-9FE4-D0514E7B6D0C}.Debug|Any CPU.Build.0 = Debug|Any CPU
		{49F436D8-FDA9-4914-9FE4-D0514E7B6D0C}.Release|Any CPU.ActiveCfg = Release|Any CPU
		{49F436D8-FDA9-4914-9FE4-D0514E7B6D0C}.Release|Any CPU.Build.0 = Release|Any CPU
	EndGlobalSection
	GlobalSection(SolutionProperties) = preSolution
		HideSolutionNode = FALSE
	EndGlobalSection
EndGlobal
